
Microsoft Visual Studio Solution File, Format Version 12.00
# Visual Studio Version 17
VisualStudioVersion = 17.3.32825.248
MinimumVisualStudioVersion = 10.0.40219.1
Project("{9A19103F-16F7-4668-BE54-9A1E7A4F7556}") = "ConsoleAppTodo", "ConsoleAppTodo\ConsoleAppTodo.csproj", "{A6FED017-1AB8-4598-83B2-8023103A6FDD}"
EndProject
Project("{9A19103F-16F7-4668-BE54-9A1E7A4F7556}") = "TestConsoleAppTodo", "TestModels\TestConsoleAppTodo.csproj", "{06CD71F5-0C01-4D5B-9032-B1BF9108E547}"
EndProject
Global
	GlobalSection(SolutionConfigurationPlatforms) = preSolution
		Debug|Any CPU = Debug|Any CPU
		Release|Any CPU = Release|Any CPU
	EndGlobalSection
	GlobalSection(ProjectConfigurationPlatforms) = postSolution
		{A6FED017-1AB8-4598-83B2-8023103A6FDD}.Debug|Any CPU.ActiveCfg = Debug|Any CPU
		{A6FED017-1AB8-4598-83B2-8023103A6FDD}.Debug|Any CPU.Build.0 = Debug|Any CPU
		{A6FED017-1AB8-4598-83B2-8023103A6FDD}.Release|Any CPU.ActiveCfg = Release|Any CPU
		{A6FED017-1AB8-4598-83B2-8023103A6FDD}.Release|Any CPU.Build.0 = Release|Any CPU
		{06CD71F5-0C01-4D5B-9032-B1BF9108E547}.Debug|Any CPU.ActiveCfg = Debug|Any CPU
		{06CD71F5-0C01-4D5B-9032-B1BF9108E547}.Debug|Any CPU.Build.0 = Debug|Any CPU
		{06CD71F5-0C01-4D5B-9032-B1BF9108E547}.Release|Any CPU.ActiveCfg = Release|Any CPU
		{06CD71F5-0C01-4D5B-9032-B1BF9108E547}.Release|Any CPU.Build.0 = Release|Any CPU
	EndGlobalSection
	GlobalSection(SolutionProperties) = preSolution
		HideSolutionNode = FALSE
	EndGlobalSection
	GlobalSection(ExtensibilityGlobals) = postSolution
		SolutionGuid = {A517D4D0-A8D7-424A-A12E-5F25A0631F16}
	EndGlobalSection
EndGlobal
